<?xml version="1.0" encoding="utf-8"?>
<Project ToolsVersion="4.0" xmlns="http://schemas.microsoft.com/developer/msbuild/2003">
  <ItemGroup>
    <Filter Include="Source Files">
      <UniqueIdentifier>{4FC737F1-C7A5-4376-A066-2A32D752A2FF}</UniqueIdentifier>
      <Extensions>cpp;c;cc;cxx;def;odl;idl;hpj;bat;asm;asmx</Extensions>
    </Filter>
    <Filter Include="Header Files">
      <UniqueIdentifier>{93995380-89BD-4b04-88EB-625FBE52EBFB}</UniqueIdentifier>
      <Extensions>h;hh;hpp;hxx;hm;inl;inc;ipp;xsd</Extensions>
    </Filter>
    <Filter Include="Resource Files">
      <UniqueIdentifier>{67DA6AB6-F800-4c08-8B7A-83BB121AAD01}</UniqueIdentifier>
      <Extensions>rc;ico;cur;bmp;dlg;rc2;rct;bin;rgs;gif;jpg;jpeg;jpe;resx;tiff;tif;png;wav;mfcribbon-ms</Extensions>
    </Filter>
<<<<<<< Updated upstream
    <Filter Include="Header Files\Shape">
      <UniqueIdentifier>{3349e542-b6e7-4079-acbd-4cf6b45c80a5}</UniqueIdentifier>
    </Filter>
    <Filter Include="Header Files\Vector">
      <UniqueIdentifier>{75bf096b-164d-4149-a817-2f6c395f368e}</UniqueIdentifier>
    </Filter>
    <Filter Include="Source Files\Shape">
      <UniqueIdentifier>{26412bab-6cbd-4cc1-8de4-879598e2bbe4}</UniqueIdentifier>
    </Filter>
    <Filter Include="Header Files\Utils">
      <UniqueIdentifier>{cdfa08c5-967f-407f-abbf-5db7237b17c3}</UniqueIdentifier>
    </Filter>
    <Filter Include="Source Files\Utils">
      <UniqueIdentifier>{d4ad4694-3a83-403b-940e-b9fe93be35fb}</UniqueIdentifier>
=======
    <Filter Include="Header Files\Utils">
      <UniqueIdentifier>{ac205216-d06e-49eb-aae9-d7b2bf4ff5ed}</UniqueIdentifier>
    </Filter>
    <Filter Include="Source Files\Utils">
      <UniqueIdentifier>{b1df0436-8ec0-4242-959b-bd0ce148c3d5}</UniqueIdentifier>
    </Filter>
    <Filter Include="Header Files\CoreModules">
      <UniqueIdentifier>{6c4cde93-22c5-439e-978f-3c96d6c2789d}</UniqueIdentifier>
    </Filter>
    <Filter Include="Source Files\CoreModules">
      <UniqueIdentifier>{8eb0167f-1fbd-4673-b819-45c12f9fda40}</UniqueIdentifier>
    </Filter>
    <Filter Include="Header Files\Utils\Events">
      <UniqueIdentifier>{99b3e02f-4a3f-49e6-9ef5-ed87b0c2d68b}</UniqueIdentifier>
    </Filter>
    <Filter Include="Source Files\Utils\Events">
      <UniqueIdentifier>{ee2b460a-b776-4fa2-a7e3-175fcb2cd188}</UniqueIdentifier>
    </Filter>
    <Filter Include="Header Files\CoreModules\GameObjects">
      <UniqueIdentifier>{b597ea28-bb55-43a8-872a-3f486a77e223}</UniqueIdentifier>
    </Filter>
    <Filter Include="Header Files\CoreModules\Texture">
      <UniqueIdentifier>{e9cffbcd-bc42-4f20-abbf-a5ff61202d32}</UniqueIdentifier>
    </Filter>
    <Filter Include="Source Files\CoreModules\Texture">
      <UniqueIdentifier>{9310637b-4338-4ea1-8283-a03f8cd3c17b}</UniqueIdentifier>
    </Filter>
    <Filter Include="Header Files\CoreModules\Sound">
      <UniqueIdentifier>{cf82f7fa-2bfe-40a2-97d7-3d2f2e9ad6e8}</UniqueIdentifier>
    </Filter>
    <Filter Include="Source Files\CoreModules\Sound">
      <UniqueIdentifier>{ef7b4efa-dd46-4820-a88a-39175997211f}</UniqueIdentifier>
    </Filter>
    <Filter Include="Header Files\Game">
      <UniqueIdentifier>{ba50353e-f1a5-4954-9471-74f3d97a510f}</UniqueIdentifier>
    </Filter>
    <Filter Include="Source Files\Game">
      <UniqueIdentifier>{50ef6e8a-6803-45bd-a3bb-72ae2e178d59}</UniqueIdentifier>
    </Filter>
    <Filter Include="Source Files\CoreModules\GameObject">
      <UniqueIdentifier>{2121e459-4f69-4f32-bd41-f36f41c0b259}</UniqueIdentifier>
    </Filter>
    <Filter Include="Header Files\CoreModules\Physics">
      <UniqueIdentifier>{b93dcd3c-2ca6-425b-8b18-521b0c62f02e}</UniqueIdentifier>
>>>>>>> Stashed changes
    </Filter>
  </ItemGroup>
  <ItemGroup>
    <ClCompile Include="Game_Engine.cpp">
      <Filter>Source Files</Filter>
    </ClCompile>
<<<<<<< Updated upstream
    <ClCompile Include="RS_EngineCore.cpp">
      <Filter>Source Files</Filter>
    </ClCompile>
    <ClCompile Include="RS_Line.cpp">
      <Filter>Source Files\Shape</Filter>
    </ClCompile>
    <ClCompile Include="RS_GameWorld.cpp">
      <Filter>Source Files</Filter>
    </ClCompile>
    <ClCompile Include="RS_Time.cpp">
      <Filter>Source Files\Utils</Filter>
    </ClCompile>
    <ClCompile Include="RS_Triangle.cpp">
      <Filter>Source Files\Shape</Filter>
    </ClCompile>
    <ClCompile Include="RS_Shape.cpp">
      <Filter>Source Files\Shape</Filter>
    </ClCompile>
    <ClCompile Include="RS_Rectangle.cpp">
      <Filter>Source Files\Shape</Filter>
    </ClCompile>
    <ClCompile Include="RS_Vector2.cpp">
=======
    <ClCompile Include="RS_Vector2.cpp">
      <Filter>Source Files\Utils</Filter>
    </ClCompile>
    <ClCompile Include="RS_Time.cpp">
      <Filter>Source Files\Utils</Filter>
    </ClCompile>
    <ClCompile Include="RS_EngineCore.cpp">
      <Filter>Source Files\CoreModules</Filter>
    </ClCompile>
    <ClCompile Include="RS_GameWorld.cpp">
      <Filter>Source Files\CoreModules</Filter>
    </ClCompile>
    <ClCompile Include="RS_Logger.cpp">
      <Filter>Source Files\Utils</Filter>
    </ClCompile>
    <ClCompile Include="RS_Input.cpp">
      <Filter>Source Files\CoreModules</Filter>
    </ClCompile>
    <ClCompile Include="EventDispatcher.cpp">
      <Filter>Source Files\Utils\Events</Filter>
    </ClCompile>
    <ClCompile Include="RS_TextureManager.cpp">
      <Filter>Source Files\CoreModules\Texture</Filter>
    </ClCompile>
    <ClCompile Include="RS_Sprite.cpp">
      <Filter>Source Files\CoreModules\Texture</Filter>
    </ClCompile>
    <ClCompile Include="ScreenText.cpp">
      <Filter>Source Files\CoreModules</Filter>
    </ClCompile>
    <ClCompile Include="RS_Texture.cpp">
      <Filter>Source Files\CoreModules\Texture</Filter>
    </ClCompile>
    <ClCompile Include="RS_SoundManager.cpp">
      <Filter>Source Files\CoreModules\Sound</Filter>
    </ClCompile>
    <ClCompile Include="RS_Sound.cpp">
      <Filter>Source Files\CoreModules\Sound</Filter>
    </ClCompile>
    <ClCompile Include="RS_TitleScreen.cpp">
      <Filter>Source Files\Game</Filter>
    </ClCompile>
    <ClCompile Include="RS_GameObject.cpp">
      <Filter>Source Files\CoreModules\GameObject</Filter>
    </ClCompile>
    <ClCompile Include="RS_Player.cpp">
      <Filter>Source Files\Game</Filter>
    </ClCompile>
    <ClCompile Include="RS_MainGame.cpp">
      <Filter>Source Files\Game</Filter>
    </ClCompile>
    <ClCompile Include="RS_WindowController.cpp">
      <Filter>Source Files\CoreModules</Filter>
    </ClCompile>
    <ClCompile Include="RS_Asteroid.cpp">
      <Filter>Source Files\Game</Filter>
    </ClCompile>
    <ClCompile Include="RS_Timer.cpp">
      <Filter>Source Files\Utils</Filter>
    </ClCompile>
    <ClCompile Include="RS_Transform.cpp">
      <Filter>Source Files\Utils</Filter>
    </ClCompile>
    <ClCompile Include="RS_Collider.cpp">
      <Filter>Source Files</Filter>
    </ClCompile>
    <ClCompile Include="RS_PhysicsSolver.cpp">
      <Filter>Source Files</Filter>
    </ClCompile>
    <ClCompile Include="RS_Background.cpp">
>>>>>>> Stashed changes
      <Filter>Source Files</Filter>
    </ClCompile>
  </ItemGroup>
  <ItemGroup>
    <None Include="packages.config" />
  </ItemGroup>
  <ItemGroup>
<<<<<<< Updated upstream
    <ClInclude Include="RS_EngineCore.h">
      <Filter>Header Files</Filter>
    </ClInclude>
    <ClInclude Include="RS_Line.h">
      <Filter>Header Files\Shape</Filter>
    </ClInclude>
    <ClInclude Include="RS_Triangle.h">
      <Filter>Header Files\Shape</Filter>
    </ClInclude>
    <ClInclude Include="RS_Shape.h">
      <Filter>Header Files\Shape</Filter>
    </ClInclude>
    <ClInclude Include="RS_Vector2.h">
      <Filter>Header Files\Vector</Filter>
    </ClInclude>
    <ClInclude Include="RS_GameWorld.h">
      <Filter>Header Files</Filter>
    </ClInclude>
    <ClInclude Include="RS_Time.h">
      <Filter>Header Files\Utils</Filter>
    </ClInclude>
    <ClInclude Include="RS_Rectangle.h">
      <Filter>Header Files\Shape</Filter>
    </ClInclude>
    <ClInclude Include="RS_SDLUtil.h">
      <Filter>Header Files\Utils</Filter>
    </ClInclude>
=======
    <ClInclude Include="RS_Vector2.h">
      <Filter>Header Files\Utils</Filter>
    </ClInclude>
    <ClInclude Include="RS_Time.h">
      <Filter>Header Files\Utils</Filter>
    </ClInclude>
    <ClInclude Include="RS_EngineCore.h">
      <Filter>Header Files\CoreModules</Filter>
    </ClInclude>
    <ClInclude Include="RS_GameWorld.h">
      <Filter>Header Files\CoreModules</Filter>
    </ClInclude>
    <ClInclude Include="RS_Logger.h">
      <Filter>Header Files\Utils</Filter>
    </ClInclude>
    <ClInclude Include="RS_Input.h">
      <Filter>Header Files\CoreModules</Filter>
    </ClInclude>
    <ClInclude Include="RS_Transform.h">
      <Filter>Header Files\Utils</Filter>
    </ClInclude>
    <ClInclude Include="RS_TextureManager.h">
      <Filter>Header Files\CoreModules\Texture</Filter>
    </ClInclude>
    <ClInclude Include="RS_Sprite.h">
      <Filter>Header Files\CoreModules\Texture</Filter>
    </ClInclude>
    <ClInclude Include="ScreenText.h">
      <Filter>Header Files\CoreModules</Filter>
    </ClInclude>
    <ClInclude Include="RS_Texture.h">
      <Filter>Header Files\CoreModules\Texture</Filter>
    </ClInclude>
    <ClInclude Include="RS_SoundManager.h">
      <Filter>Header Files\CoreModules\Sound</Filter>
    </ClInclude>
    <ClInclude Include="RS_Sound.h">
      <Filter>Header Files\CoreModules\Sound</Filter>
    </ClInclude>
    <ClInclude Include="RS_TitleScreen.h">
      <Filter>Header Files\Game</Filter>
    </ClInclude>
    <ClInclude Include="RS_Player.h">
      <Filter>Header Files\Game</Filter>
    </ClInclude>
    <ClInclude Include="RS_GameObject.h">
      <Filter>Header Files\CoreModules\GameObjects</Filter>
    </ClInclude>
    <ClInclude Include="RS_MainGame.h">
      <Filter>Header Files\Game</Filter>
    </ClInclude>
    <ClInclude Include="RS_WindowController.h">
      <Filter>Header Files\CoreModules</Filter>
    </ClInclude>
    <ClInclude Include="RS_EventDispatcher.h">
      <Filter>Header Files\Utils\Events</Filter>
    </ClInclude>
    <ClInclude Include="RS_Listener.h">
      <Filter>Header Files\Utils\Events</Filter>
    </ClInclude>
    <ClInclude Include="RS_Asteroid.h">
      <Filter>Header Files\Game</Filter>
    </ClInclude>
    <ClInclude Include="RS_Timer.h">
      <Filter>Header Files\Utils</Filter>
    </ClInclude>
    <ClInclude Include="RS_Physics.h">
      <Filter>Header Files\CoreModules\Physics</Filter>
    </ClInclude>
    <ClInclude Include="RS_Collider.h">
      <Filter>Header Files\CoreModules\GameObjects</Filter>
    </ClInclude>
    <ClInclude Include="RS_PhysicsSolver.h">
      <Filter>Header Files\CoreModules\Physics</Filter>
    </ClInclude>
    <ClInclude Include="RS_ParticleSystem.h">
      <Filter>Header Files\CoreModules\GameObjects</Filter>
    </ClInclude>
    <ClInclude Include="RS_Background.h">
      <Filter>Header Files\Game</Filter>
    </ClInclude>
>>>>>>> Stashed changes
  </ItemGroup>
</Project>