<?xml version="1.0" encoding="utf-8"?>
<Project ToolsVersion="4.0" xmlns="http://schemas.microsoft.com/developer/msbuild/2003">
  <ItemGroup>
    <Filter Include="Source Files">
      <UniqueIdentifier>{4FC737F1-C7A5-4376-A066-2A32D752A2FF}</UniqueIdentifier>
      <Extensions>cpp;c;cc;cxx;def;odl;idl;hpj;bat;asm;asmx</Extensions>
    </Filter>
    <Filter Include="Header Files">
      <UniqueIdentifier>{93995380-89BD-4b04-88EB-625FBE52EBFB}</UniqueIdentifier>
      <Extensions>h;hh;hpp;hxx;hm;inl;inc;ipp;xsd</Extensions>
    </Filter>
    <Filter Include="Resource Files">
      <UniqueIdentifier>{67DA6AB6-F800-4c08-8B7A-83BB121AAD01}</UniqueIdentifier>
      <Extensions>rc;ico;cur;bmp;dlg;rc2;rct;bin;rgs;gif;jpg;jpeg;jpe;resx;tiff;tif;png;wav;mfcribbon-ms</Extensions>
    </Filter>
    <Filter Include="Header Files\Shape">
      <UniqueIdentifier>{3349e542-b6e7-4079-acbd-4cf6b45c80a5}</UniqueIdentifier>
    </Filter>
    <Filter Include="Header Files\Transform">
      <UniqueIdentifier>{dc18e64e-35d5-43c4-a3b4-3b0863fdb158}</UniqueIdentifier>
    </Filter>
    <Filter Include="Header Files\Vector">
      <UniqueIdentifier>{75bf096b-164d-4149-a817-2f6c395f368e}</UniqueIdentifier>
    </Filter>
  </ItemGroup>
  <ItemGroup>
    <ClCompile Include="Game_Engine.cpp">
      <Filter>Source Files</Filter>
    </ClCompile>
    <ClCompile Include="RS_EngineCore.cpp">
      <Filter>Source Files</Filter>
    </ClCompile>
    <ClCompile Include="RS_Point.cpp">
      <Filter>Source Files</Filter>
    </ClCompile>
    <ClCompile Include="RS_Line.cpp">
      <Filter>Source Files</Filter>
    </ClCompile>
    <ClCompile Include="RS_Transform.cpp">
      <Filter>Source Files</Filter>
    </ClCompile>
  </ItemGroup>
  <ItemGroup>
    <None Include="packages.config" />
  </ItemGroup>
  <ItemGroup>
    <ClInclude Include="RS_EngineCore.h">
      <Filter>Header Files</Filter>
    </ClInclude>
    <ClInclude Include="RS_Line.h">
      <Filter>Header Files\Shape</Filter>
    </ClInclude>
    <ClInclude Include="RS_Point.h">
      <Filter>Header Files\Shape</Filter>
    </ClInclude>
    <ClInclude Include="RS_Triangle.h">
      <Filter>Header Files\Shape</Filter>
    </ClInclude>
    <ClInclude Include="RS_Shape.h">
      <Filter>Header Files\Shape</Filter>
    </ClInclude>
    <ClInclude Include="RS_Transform.h">
      <Filter>Header Files\Transform</Filter>
    </ClInclude>
    <ClInclude Include="RS_Vector2.h">
      <Filter>Header Files\Vector</Filter>
    </ClInclude>
  </ItemGroup>
</Project>